
Microsoft Visual Studio Solution File, Format Version 12.00
# Visual Studio 14
VisualStudioVersion = 14.0.23107.0
MinimumVisualStudioVersion = 10.0.40219.1
Project("{FAE04EC0-301F-11D3-BF4B-00C04F79EFBC}") = "Spring.Data.IBatis", "Spring.Data.IBatis\Spring.Data.IBatis.csproj", "{28BBE8E9-FCAB-48FA-9C4D-8ED45F402B80}"
EndProject
Project("{FAE04EC0-301F-11D3-BF4B-00C04F79EFBC}") = "Dswork.Core", "Dswork.Core\Dswork.Core.csproj", "{55962767-6CB2-464E-AE66-CB678D7DD4A7}"
EndProject
Project("{FAE04EC0-301F-11D3-BF4B-00C04F79EFBC}") = "Dswork.Spring", "Dswork.Spring\Dswork.Spring.csproj", "{83444DF5-B273-4CDA-A9DD-2B87070FFB3C}"
EndProject
Project("{FAE04EC0-301F-11D3-BF4B-00C04F79EFBC}") = "Dswork.Web", "Dswork.Web\Dswork.Web.csproj", "{1DBEF8B6-6FF7-4C5A-AFFD-7B7BB90205CE}"
EndProject
Project("{FAE04EC0-301F-11D3-BF4B-00C04F79EFBC}") = "TestWork", "TestWork\TestWork.csproj", "{8EBBA7C7-0F9A-48CC-B7C4-2A2062F9F4F8}"
	ProjectSection(ProjectDependencies) = postProject
		{55962767-6CB2-464E-AE66-CB678D7DD4A7} = {55962767-6CB2-464E-AE66-CB678D7DD4A7}
		{1DBEF8B6-6FF7-4C5A-AFFD-7B7BB90205CE} = {1DBEF8B6-6FF7-4C5A-AFFD-7B7BB90205CE}
		{28BBE8E9-FCAB-48FA-9C4D-8ED45F402B80} = {28BBE8E9-FCAB-48FA-9C4D-8ED45F402B80}
		{83444DF5-B273-4CDA-A9DD-2B87070FFB3C} = {83444DF5-B273-4CDA-A9DD-2B87070FFB3C}
	EndProjectSection
EndProject
Project("{FAE04EC0-301F-11D3-BF4B-00C04F79EFBC}") = "Dswork.Core.Upload", "Dswork.Core.Upload\Dswork.Core.Upload.csproj", "{3A59062F-5E8E-4527-AB15-6CA213378823}"
EndProject
Project("{FAE04EC0-301F-11D3-BF4B-00C04F79EFBC}") = "Dswork.Mvc", "Dswork.Mvc\Dswork.Mvc.csproj", "{F9036EC1-92C0-443F-BB12-08E153F3601D}"
	ProjectSection(ProjectDependencies) = postProject
		{55962767-6CB2-464E-AE66-CB678D7DD4A7} = {55962767-6CB2-464E-AE66-CB678D7DD4A7}
		{1DBEF8B6-6FF7-4C5A-AFFD-7B7BB90205CE} = {1DBEF8B6-6FF7-4C5A-AFFD-7B7BB90205CE}
	EndProjectSection
EndProject
Project("{FAE04EC0-301F-11D3-BF4B-00C04F79EFBC}") = "Dswork.Http", "Dswork.Http\Dswork.Http.csproj", "{7FA5246C-A9A0-4335-8B5D-DBAB40B4EEF8}"
EndProject
Global
	GlobalSection(SolutionConfigurationPlatforms) = preSolution
		Debug|Any CPU = Debug|Any CPU
		Debug|x86 = Debug|x86
		Release|Any CPU = Release|Any CPU
		Release|x86 = Release|x86
	EndGlobalSection
	GlobalSection(ProjectConfigurationPlatforms) = postSolution
		{28BBE8E9-FCAB-48FA-9C4D-8ED45F402B80}.Debug|Any CPU.ActiveCfg = Debug|Any CPU
		{28BBE8E9-FCAB-48FA-9C4D-8ED45F402B80}.Debug|Any CPU.Build.0 = Debug|Any CPU
		{28BBE8E9-FCAB-48FA-9C4D-8ED45F402B80}.Debug|x86.ActiveCfg = Debug|x86
		{28BBE8E9-FCAB-48FA-9C4D-8ED45F402B80}.Debug|x86.Build.0 = Debug|x86
		{28BBE8E9-FCAB-48FA-9C4D-8ED45F402B80}.Release|Any CPU.ActiveCfg = Release|Any CPU
		{28BBE8E9-FCAB-48FA-9C4D-8ED45F402B80}.Release|Any CPU.Build.0 = Release|Any CPU
		{28BBE8E9-FCAB-48FA-9C4D-8ED45F402B80}.Release|x86.ActiveCfg = Release|x86
		{28BBE8E9-FCAB-48FA-9C4D-8ED45F402B80}.Release|x86.Build.0 = Release|x86
		{55962767-6CB2-464E-AE66-CB678D7DD4A7}.Debug|Any CPU.ActiveCfg = Debug|Any CPU
		{55962767-6CB2-464E-AE66-CB678D7DD4A7}.Debug|Any CPU.Build.0 = Debug|Any CPU
		{55962767-6CB2-464E-AE66-CB678D7DD4A7}.Debug|x86.ActiveCfg = Debug|x86
		{55962767-6CB2-464E-AE66-CB678D7DD4A7}.Debug|x86.Build.0 = Debug|x86
		{55962767-6CB2-464E-AE66-CB678D7DD4A7}.Release|Any CPU.ActiveCfg = Release|Any CPU
		{55962767-6CB2-464E-AE66-CB678D7DD4A7}.Release|Any CPU.Build.0 = Release|Any CPU
		{55962767-6CB2-464E-AE66-CB678D7DD4A7}.Release|x86.ActiveCfg = Release|x86
		{55962767-6CB2-464E-AE66-CB678D7DD4A7}.Release|x86.Build.0 = Release|x86
		{83444DF5-B273-4CDA-A9DD-2B87070FFB3C}.Debug|Any CPU.ActiveCfg = Debug|Any CPU
		{83444DF5-B273-4CDA-A9DD-2B87070FFB3C}.Debug|Any CPU.Build.0 = Debug|Any CPU
		{83444DF5-B273-4CDA-A9DD-2B87070FFB3C}.Debug|x86.ActiveCfg = Debug|x86
		{83444DF5-B273-4CDA-A9DD-2B87070FFB3C}.Debug|x86.Build.0 = Debug|x86
		{83444DF5-B273-4CDA-A9DD-2B87070FFB3C}.Release|Any CPU.ActiveCfg = Release|Any CPU
		{83444DF5-B273-4CDA-A9DD-2B87070FFB3C}.Release|Any CPU.Build.0 = Release|Any CPU
		{83444DF5-B273-4CDA-A9DD-2B87070FFB3C}.Release|x86.ActiveCfg = Release|x86
		{83444DF5-B273-4CDA-A9DD-2B87070FFB3C}.Release|x86.Build.0 = Release|x86
		{1DBEF8B6-6FF7-4C5A-AFFD-7B7BB90205CE}.Debug|Any CPU.ActiveCfg = Debug|Any CPU
		{1DBEF8B6-6FF7-4C5A-AFFD-7B7BB90205CE}.Debug|Any CPU.Build.0 = Debug|Any CPU
		{1DBEF8B6-6FF7-4C5A-AFFD-7B7BB90205CE}.Debug|x86.ActiveCfg = Debug|x86
		{1DBEF8B6-6FF7-4C5A-AFFD-7B7BB90205CE}.Debug|x86.Build.0 = Debug|x86
		{1DBEF8B6-6FF7-4C5A-AFFD-7B7BB90205CE}.Release|Any CPU.ActiveCfg = Release|Any CPU
		{1DBEF8B6-6FF7-4C5A-AFFD-7B7BB90205CE}.Release|Any CPU.Build.0 = Release|Any CPU
		{1DBEF8B6-6FF7-4C5A-AFFD-7B7BB90205CE}.Release|x86.ActiveCfg = Release|x86
		{1DBEF8B6-6FF7-4C5A-AFFD-7B7BB90205CE}.Release|x86.Build.0 = Release|x86
		{8EBBA7C7-0F9A-48CC-B7C4-2A2062F9F4F8}.Debug|Any CPU.ActiveCfg = Debug|x86
		{8EBBA7C7-0F9A-48CC-B7C4-2A2062F9F4F8}.Debug|Any CPU.Build.0 = Debug|x86
		{8EBBA7C7-0F9A-48CC-B7C4-2A2062F9F4F8}.Debug|x86.ActiveCfg = Debug|Any CPU
		{8EBBA7C7-0F9A-48CC-B7C4-2A2062F9F4F8}.Release|Any CPU.ActiveCfg = Release|Any CPU
		{8EBBA7C7-0F9A-48CC-B7C4-2A2062F9F4F8}.Release|Any CPU.Build.0 = Release|Any CPU
		{8EBBA7C7-0F9A-48CC-B7C4-2A2062F9F4F8}.Release|x86.ActiveCfg = Release|Any CPU
		{3A59062F-5E8E-4527-AB15-6CA213378823}.Debug|Any CPU.ActiveCfg = Debug|Any CPU
		{3A59062F-5E8E-4527-AB15-6CA213378823}.Debug|Any CPU.Build.0 = Debug|Any CPU
		{3A59062F-5E8E-4527-AB15-6CA213378823}.Debug|x86.ActiveCfg = Debug|Any CPU
		{3A59062F-5E8E-4527-AB15-6CA213378823}.Release|Any CPU.ActiveCfg = Release|Any CPU
		{3A59062F-5E8E-4527-AB15-6CA213378823}.Release|Any CPU.Build.0 = Release|Any CPU
		{3A59062F-5E8E-4527-AB15-6CA213378823}.Release|x86.ActiveCfg = Release|Any CPU
		{F9036EC1-92C0-443F-BB12-08E153F3601D}.Debug|Any CPU.ActiveCfg = Debug|Any CPU
		{F9036EC1-92C0-443F-BB12-08E153F3601D}.Debug|Any CPU.Build.0 = Debug|Any CPU
		{F9036EC1-92C0-443F-BB12-08E153F3601D}.Debug|x86.ActiveCfg = Debug|Any CPU
		{F9036EC1-92C0-443F-BB12-08E153F3601D}.Release|Any CPU.ActiveCfg = Release|Any CPU
		{F9036EC1-92C0-443F-BB12-08E153F3601D}.Release|Any CPU.Build.0 = Release|Any CPU
		{F9036EC1-92C0-443F-BB12-08E153F3601D}.Release|x86.ActiveCfg = Release|Any CPU
		{7FA5246C-A9A0-4335-8B5D-DBAB40B4EEF8}.Debug|Any CPU.ActiveCfg = Debug|Any CPU
		{7FA5246C-A9A0-4335-8B5D-DBAB40B4EEF8}.Debug|Any CPU.Build.0 = Debug|Any CPU
		{7FA5246C-A9A0-4335-8B5D-DBAB40B4EEF8}.Debug|x86.ActiveCfg = Debug|Any CPU
		{7FA5246C-A9A0-4335-8B5D-DBAB40B4EEF8}.Debug|x86.Build.0 = Debug|Any CPU
		{7FA5246C-A9A0-4335-8B5D-DBAB40B4EEF8}.Release|Any CPU.ActiveCfg = Release|Any CPU
		{7FA5246C-A9A0-4335-8B5D-DBAB40B4EEF8}.Release|Any CPU.Build.0 = Release|Any CPU
		{7FA5246C-A9A0-4335-8B5D-DBAB40B4EEF8}.Release|x86.ActiveCfg = Release|Any CPU
		{7FA5246C-A9A0-4335-8B5D-DBAB40B4EEF8}.Release|x86.Build.0 = Release|Any CPU
	EndGlobalSection
	GlobalSection(SolutionProperties) = preSolution
		HideSolutionNode = FALSE
	EndGlobalSection
EndGlobal
