
Microsoft Visual Studio Solution File, Format Version 12.00
# Visual Studio 2012
Project("{FAE04EC0-301F-11D3-BF4B-00C04F79EFBC}") = "DemoNet", "DemoNet\DemoNet.csproj", "{B9B432F4-6A8E-4D8F-B9E7-F60B3F8CCCDA}"
	ProjectSection(ProjectDependencies) = postProject
		{21DC8F3D-4DBF-4F7C-8746-1F532FA3D348} = {21DC8F3D-4DBF-4F7C-8746-1F532FA3D348}
	EndProjectSection
EndProject
Project("{FAE04EC0-301F-11D3-BF4B-00C04F79EFBC}") = "DemoNetLib", "DemoNetLib\DemoNetLib.csproj", "{21DC8F3D-4DBF-4F7C-8746-1F532FA3D348}"
EndProject
Global
	GlobalSection(SubversionScc) = preSolution
		Svn-Managed = True
		Manager = AnkhSVN - Subversion Support for Visual Studio
	EndGlobalSection
	GlobalSection(SolutionConfigurationPlatforms) = preSolution
		Debug|Any CPU = Debug|Any CPU
		Release|Any CPU = Release|Any CPU
	EndGlobalSection
	GlobalSection(ProjectConfigurationPlatforms) = postSolution
		{B9B432F4-6A8E-4D8F-B9E7-F60B3F8CCCDA}.Debug|Any CPU.ActiveCfg = Debug|Any CPU
		{B9B432F4-6A8E-4D8F-B9E7-F60B3F8CCCDA}.Debug|Any CPU.Build.0 = Debug|Any CPU
		{B9B432F4-6A8E-4D8F-B9E7-F60B3F8CCCDA}.Release|Any CPU.ActiveCfg = Release|Any CPU
		{B9B432F4-6A8E-4D8F-B9E7-F60B3F8CCCDA}.Release|Any CPU.Build.0 = Release|Any CPU
		{21DC8F3D-4DBF-4F7C-8746-1F532FA3D348}.Debug|Any CPU.ActiveCfg = Debug|Any CPU
		{21DC8F3D-4DBF-4F7C-8746-1F532FA3D348}.Debug|Any CPU.Build.0 = Debug|Any CPU
		{21DC8F3D-4DBF-4F7C-8746-1F532FA3D348}.Release|Any CPU.ActiveCfg = Release|Any CPU
		{21DC8F3D-4DBF-4F7C-8746-1F532FA3D348}.Release|Any CPU.Build.0 = Release|Any CPU
	EndGlobalSection
	GlobalSection(SolutionProperties) = preSolution
		HideSolutionNode = FALSE
	EndGlobalSection
EndGlobal
